
Microsoft Visual Studio Solution File, Format Version 12.00
# Visual Studio 15
VisualStudioVersion = 15.0.27703.2042
MinimumVisualStudioVersion = 10.0.40219.1
Project("{FAE04EC0-301F-11D3-BF4B-00C04F79EFBC}") = "RosKvartalConsoleApp", "RosKvartalConsoleApp\RosKvartalConsoleApp.csproj", "{DAC6C080-E145-4BDA-A6FD-59E411156323}"
EndProject
Global
	GlobalSection(SolutionConfigurationPlatforms) = preSolution
		Debug|Any CPU = Debug|Any CPU
		Release|Any CPU = Release|Any CPU
	EndGlobalSection
	GlobalSection(ProjectConfigurationPlatforms) = postSolution
		{DAC6C080-E145-4BDA-A6FD-59E411156323}.Debug|Any CPU.ActiveCfg = Debug|Any CPU
		{DAC6C080-E145-4BDA-A6FD-59E411156323}.Debug|Any CPU.Build.0 = Debug|Any CPU
		{DAC6C080-E145-4BDA-A6FD-59E411156323}.Release|Any CPU.ActiveCfg = Release|Any CPU
		{DAC6C080-E145-4BDA-A6FD-59E411156323}.Release|Any CPU.Build.0 = Release|Any CPU
	EndGlobalSection
	GlobalSection(SolutionProperties) = preSolution
		HideSolutionNode = FALSE
	EndGlobalSection
	GlobalSection(ExtensibilityGlobals) = postSolution
		SolutionGuid = {AD78CA25-95F5-4EB8-9789-DC056DBF4088}
	EndGlobalSection
EndGlobal
